
Microsoft Visual Studio Solution File, Format Version 11.00
# Visual Studio 2010
Project("{FAE04EC0-301F-11D3-BF4B-00C04F79EFBC}") = "AudioProcessingModuleCs", "AudioProcessingModuleCs.csproj", "{DBECB22D-C6F8-40B7-BC22-A2C640C6E1CC}"
EndProject
Global
	GlobalSection(SolutionConfigurationPlatforms) = preSolution
		Debug|Any CPU = Debug|Any CPU
		Release|Any CPU = Release|Any CPU
	EndGlobalSection
	GlobalSection(ProjectConfigurationPlatforms) = postSolution
		{DBECB22D-C6F8-40B7-BC22-A2C640C6E1CC}.Debug|Any CPU.ActiveCfg = Debug|Any CPU
		{DBECB22D-C6F8-40B7-BC22-A2C640C6E1CC}.Debug|Any CPU.Build.0 = Debug|Any CPU
		{DBECB22D-C6F8-40B7-BC22-A2C640C6E1CC}.Release|Any CPU.ActiveCfg = Release|Any CPU
		{DBECB22D-C6F8-40B7-BC22-A2C640C6E1CC}.Release|Any CPU.Build.0 = Release|Any CPU
	EndGlobalSection
	GlobalSection(SolutionProperties) = preSolution
		HideSolutionNode = FALSE
	EndGlobalSection
EndGlobal
